// !$*UTF8*$!
{
	archiveVersion = 1;
	classes = {
	};
	objectVersion = 46;
	objects = {

/* Begin PBXBuildFile section */
		3635727A1E09FB00000FB8DA /* AppDelegate.swift in Sources */ = {isa = PBXBuildFile; fileRef = 363572791E09FB00000FB8DA /* AppDelegate.swift */; };
		3635727C1E09FB00000FB8DA /* ViewController.swift in Sources */ = {isa = PBXBuildFile; fileRef = 3635727B1E09FB00000FB8DA /* ViewController.swift */; };
		3635727F1E09FB00000FB8DA /* Main.storyboard in Resources */ = {isa = PBXBuildFile; fileRef = 3635727D1E09FB00000FB8DA /* Main.storyboard */; };
		363572811E09FB00000FB8DA /* Assets.xcassets in Resources */ = {isa = PBXBuildFile; fileRef = 363572801E09FB00000FB8DA /* Assets.xcassets */; };
		363572841E09FB00000FB8DA /* LaunchScreen.storyboard in Resources */ = {isa = PBXBuildFile; fileRef = 363572821E09FB00000FB8DA /* LaunchScreen.storyboard */; };
		3635728F1E09FB00000FB8DA /* FoodTrackerTests.swift in Sources */ = {isa = PBXBuildFile; fileRef = 3635728E1E09FB00000FB8DA /* FoodTrackerTests.swift */; };
/* End PBXBuildFile section */

/* Begin PBXContainerItemProxy section */
		3635728B1E09FB00000FB8DA /* PBXContainerItemProxy */ = {
			isa = PBXContainerItemProxy;
			containerPortal = 3635726E1E09FAFF000FB8DA /* Project object */;
			proxyType = 1;
			remoteGlobalIDString = 363572751E09FAFF000FB8DA;
			remoteInfo = FoodTracker;
		};
/* End PBXContainerItemProxy section */

/* Begin PBXFileReference section */
		363572761E09FAFF000FB8DA /* FoodTracker.app */ = {isa = PBXFileReference; explicitFileType = wrapper.application; includeInIndex = 0; path = FoodTracker.app; sourceTree = BUILT_PRODUCTS_DIR; };
		363572791E09FB00000FB8DA /* AppDelegate.swift */ = {isa = PBXFileReference; lastKnownFileType = sourcecode.swift; path = AppDelegate.swift; sourceTree = "<group>"; };
		3635727B1E09FB00000FB8DA /* ViewController.swift */ = {isa = PBXFileReference; lastKnownFileType = sourcecode.swift; path = ViewController.swift; sourceTree = "<group>"; };
		3635727E1E09FB00000FB8DA /* Base */ = {isa = PBXFileReference; lastKnownFileType = file.storyboard; name = Base; path = Base.lproj/Main.storyboard; sourceTree = "<group>"; };
		363572801E09FB00000FB8DA /* Assets.xcassets */ = {isa = PBXFileReference; lastKnownFileType = folder.assetcatalog; path = Assets.xcassets; sourceTree = "<group>"; };
		363572831E09FB00000FB8DA /* Base */ = {isa = PBXFileReference; lastKnownFileType = file.storyboard; name = Base; path = Base.lproj/LaunchScreen.storyboard; sourceTree = "<group>"; };
		363572851E09FB00000FB8DA /* Info.plist */ = {isa = PBXFileReference; lastKnownFileType = text.plist.xml; path = Info.plist; sourceTree = "<group>"; };
		3635728A1E09FB00000FB8DA /* FoodTrackerTests.xctest */ = {isa = PBXFileReference; explicitFileType = wrapper.cfbundle; includeInIndex = 0; path = FoodTrackerTests.xctest; sourceTree = BUILT_PRODUCTS_DIR; };
		3635728E1E09FB00000FB8DA /* FoodTrackerTests.swift */ = {isa = PBXFileReference; lastKnownFileType = sourcecode.swift; path = FoodTrackerTests.swift; sourceTree = "<group>"; };
		363572901E09FB00000FB8DA /* Info.plist */ = {isa = PBXFileReference; lastKnownFileType = text.plist.xml; path = Info.plist; sourceTree = "<group>"; };
/* End PBXFileReference section */

/* Begin PBXFrameworksBuildPhase section */
		363572731E09FAFF000FB8DA /* Frameworks */ = {
			isa = PBXFrameworksBuildPhase;
			buildActionMask = 2147483647;
			files = (
			);
			runOnlyForDeploymentPostprocessing = 0;
		};
		363572871E09FB00000FB8DA /* Frameworks */ = {
			isa = PBXFrameworksBuildPhase;
			buildActionMask = 2147483647;
			files = (
			);
			runOnlyForDeploymentPostprocessing = 0;
		};
/* End PBXFrameworksBuildPhase section */

/* Begin PBXGroup section */
		3635726D1E09FAFF000FB8DA = {
			isa = PBXGroup;
			children = (
				363572781E09FAFF000FB8DA /* FoodTracker */,
				3635728D1E09FB00000FB8DA /* FoodTrackerTests */,
				363572771E09FAFF000FB8DA /* Products */,
			);
			sourceTree = "<group>";
		};
		363572771E09FAFF000FB8DA /* Products */ = {
			isa = PBXGroup;
			children = (
				363572761E09FAFF000FB8DA /* FoodTracker.app */,
				3635728A1E09FB00000FB8DA /* FoodTrackerTests.xctest */,
			);
			name = Products;
			sourceTree = "<group>";
		};
		363572781E09FAFF000FB8DA /* FoodTracker */ = {
			isa = PBXGroup;
			children = (
				363572791E09FB00000FB8DA /* AppDelegate.swift */,
				3635727B1E09FB00000FB8DA /* ViewController.swift */,
				3635727D1E09FB00000FB8DA /* Main.storyboard */,
				363572801E09FB00000FB8DA /* Assets.xcassets */,
				363572821E09FB00000FB8DA /* LaunchScreen.storyboard */,
				363572851E09FB00000FB8DA /* Info.plist */,
			);
			path = FoodTracker;
			sourceTree = "<group>";
		};
		3635728D1E09FB00000FB8DA /* FoodTrackerTests */ = {
			isa = PBXGroup;
			children = (
				3635728E1E09FB00000FB8DA /* FoodTrackerTests.swift */,
				363572901E09FB00000FB8DA /* Info.plist */,
			);
			path = FoodTrackerTests;
			sourceTree = "<group>";
		};
/* End PBXGroup section */

/* Begin PBXNativeTarget section */
		363572751E09FAFF000FB8DA /* FoodTracker */ = {
			isa = PBXNativeTarget;
			buildConfigurationList = 363572931E09FB00000FB8DA /* Build configuration list for PBXNativeTarget "FoodTracker" */;
			buildPhases = (
				363572721E09FAFF000FB8DA /* Sources */,
				363572731E09FAFF000FB8DA /* Frameworks */,
				363572741E09FAFF000FB8DA /* Resources */,
			);
			buildRules = (
			);
			dependencies = (
			);
			name = FoodTracker;
			productName = FoodTracker;
			productReference = 363572761E09FAFF000FB8DA /* FoodTracker.app */;
			productType = "com.apple.product-type.application";
		};
		363572891E09FB00000FB8DA /* FoodTrackerTests */ = {
			isa = PBXNativeTarget;
			buildConfigurationList = 363572961E09FB00000FB8DA /* Build configuration list for PBXNativeTarget "FoodTrackerTests" */;
			buildPhases = (
				363572861E09FB00000FB8DA /* Sources */,
				363572871E09FB00000FB8DA /* Frameworks */,
				363572881E09FB00000FB8DA /* Resources */,
			);
			buildRules = (
			);
			dependencies = (
				3635728C1E09FB00000FB8DA /* PBXTargetDependency */,
			);
			name = FoodTrackerTests;
			productName = FoodTrackerTests;
			productReference = 3635728A1E09FB00000FB8DA /* FoodTrackerTests.xctest */;
			productType = "com.apple.product-type.bundle.unit-test";
		};
/* End PBXNativeTarget section */

/* Begin PBXProject section */
		3635726E1E09FAFF000FB8DA /* Project object */ = {
			isa = PBXProject;
			attributes = {
				LastSwiftUpdateCheck = 0820;
				LastUpgradeCheck = 0820;
				ORGANIZATIONNAME = "Vikas Thakur";
				TargetAttributes = {
					363572751E09FAFF000FB8DA = {
						CreatedOnToolsVersion = 8.2.1;
						DevelopmentTeam = 86HXWEUQYY;
						ProvisioningStyle = Automatic;
					};
					363572891E09FB00000FB8DA = {
						CreatedOnToolsVersion = 8.2.1;
						DevelopmentTeam = 86HXWEUQYY;
						ProvisioningStyle = Automatic;
						TestTargetID = 363572751E09FAFF000FB8DA;
					};
				};
			};
			buildConfigurationList = 363572711E09FAFF000FB8DA /* Build configuration list for PBXProject "FoodTracker" */;
			compatibilityVersion = "Xcode 3.2";
			developmentRegion = English;
			hasScannedForEncodings = 0;
			knownRegions = (
				en,
				Base,
			);
			mainGroup = 3635726D1E09FAFF000FB8DA;
			productRefGroup = 363572771E09FAFF000FB8DA /* Products */;
			projectDirPath = "";
			projectRoot = "";
			targets = (
				363572751E09FAFF000FB8DA /* FoodTracker */,
				363572891E09FB00000FB8DA /* FoodTrackerTests */,
			);
		};
/* End PBXProject section */

/* Begin PBXResourcesBuildPhase section */
		363572741E09FAFF000FB8DA /* Resources */ = {
			isa = PBXResourcesBuildPhase;
			buildActionMask = 2147483647;
			files = (
				363572841E09FB00000FB8DA /* LaunchScreen.storyboard in Resources */,
				363572811E09FB00000FB8DA /* Assets.xcassets in Resources */,
				3635727F1E09FB00000FB8DA /* Main.storyboard in Resources */,
			);
			runOnlyForDeploymentPostprocessing = 0;
		};
		363572881E09FB00000FB8DA /* Resources */ = {
			isa = PBXResourcesBuildPhase;
			buildActionMask = 2147483647;
			files = (
			);
			runOnlyForDeploymentPostprocessing = 0;
		};
/* End PBXResourcesBuildPhase section */

/* Begin PBXSourcesBuildPhase section */
		363572721E09FAFF000FB8DA /* Sources */ = {
			isa = PBXSourcesBuildPhase;
			buildActionMask = 2147483647;
			files = (
				3635727C1E09FB00000FB8DA /* ViewController.swift in Sources */,
				3635727A1E09FB00000FB8DA /* AppDelegate.swift in Sources */,
			);
			runOnlyForDeploymentPostprocessing = 0;
		};
		363572861E09FB00000FB8DA /* Sources */ = {
			isa = PBXSourcesBuildPhase;
			buildActionMask = 2147483647;
			files = (
				3635728F1E09FB00000FB8DA /* FoodTrackerTests.swift in Sources */,
			);
			runOnlyForDeploymentPostprocessing = 0;
		};
/* End PBXSourcesBuildPhase section */

/* Begin PBXTargetDependency section */
		3635728C1E09FB00000FB8DA /* PBXTargetDependency */ = {
			isa = PBXTargetDependency;
			target = 363572751E09FAFF000FB8DA /* FoodTracker */;
			targetProxy = 3635728B1E09FB00000FB8DA /* PBXContainerItemProxy */;
		};
/* End PBXTargetDependency section */

/* Begin PBXVariantGroup section */
		3635727D1E09FB00000FB8DA /* Main.storyboard */ = {
			isa = PBXVariantGroup;
			children = (
				3635727E1E09FB00000FB8DA /* Base */,
			);
			name = Main.storyboard;
			sourceTree = "<group>";
		};
		363572821E09FB00000FB8DA /* LaunchScreen.storyboard */ = {
			isa = PBXVariantGroup;
			children = (
				363572831E09FB00000FB8DA /* Base */,
			);
			name = LaunchScreen.storyboard;
			sourceTree = "<group>";
		};
/* End PBXVariantGroup section */

/* Begin XCBuildConfiguration section */
		363572911E09FB00000FB8DA /* Debug */ = {
			isa = XCBuildConfiguration;
			buildSettings = {
				ALWAYS_SEARCH_USER_PATHS = NO;
				CLANG_ANALYZER_NONNULL = YES;
				CLANG_CXX_LANGUAGE_STANDARD = "gnu++0x";
				CLANG_CXX_LIBRARY = "libc++";
				CLANG_ENABLE_MODULES = YES;
				CLANG_ENABLE_OBJC_ARC = YES;
				CLANG_WARN_BOOL_CONVERSION = YES;
				CLANG_WARN_CONSTANT_CONVERSION = YES;
				CLANG_WARN_DIRECT_OBJC_ISA_USAGE = YES_ERROR;
				CLANG_WARN_DOCUMENTATION_COMMENTS = YES;
				CLANG_WARN_EMPTY_BODY = YES;
				CLANG_WARN_ENUM_CONVERSION = YES;
				CLANG_WARN_INFINITE_RECURSION = YES;
				CLANG_WARN_INT_CONVERSION = YES;
				CLANG_WARN_OBJC_ROOT_CLASS = YES_ERROR;
				CLANG_WARN_SUSPICIOUS_MOVE = YES;
				CLANG_WARN_UNREACHABLE_CODE = YES;
				CLANG_WARN__DUPLICATE_METHOD_MATCH = YES;
				"CODE_SIGN_IDENTITY[sdk=iphoneos*]" = "iPhone Developer";
				COPY_PHASE_STRIP = NO;
				DEBUG_INFORMATION_FORMAT = dwarf;
				ENABLE_STRICT_OBJC_MSGSEND = YES;
				ENABLE_TESTABILITY = YES;
				GCC_C_LANGUAGE_STANDARD = gnu99;
				GCC_DYNAMIC_NO_PIC = NO;
				GCC_NO_COMMON_BLOCKS = YES;
				GCC_OPTIMIZATION_LEVEL = 0;
				GCC_PREPROCESSOR_DEFINITIONS = (
					"DEBUG=1",
					"$(inherited)",
				);
				GCC_WARN_64_TO_32_BIT_CONVERSION = YES;
				GCC_WARN_ABOUT_RETURN_TYPE = YES_ERROR;
				GCC_WARN_UNDECLARED_SELECTOR = YES;
				GCC_WARN_UNINITIALIZED_AUTOS = YES_AGGRESSIVE;
				GCC_WARN_UNUSED_FUNCTION = YES;
				GCC_WARN_UNUSED_VARIABLE = YES;
				IPHONEOS_DEPLOYMENT_TARGET = 10.2;
				MTL_ENABLE_DEBUG_INFO = YES;
				ONLY_ACTIVE_ARCH = YES;
				SDKROOT = iphoneos;
				SWIFT_ACTIVE_COMPILATION_CONDITIONS = DEBUG;
				SWIFT_OPTIMIZATION_LEVEL = "-Onone";
				TARGETED_DEVICE_FAMILY = "1,2";
			};
			name = Debug;
		};
		363572921E09FB00000FB8DA /* Release */ = {
			isa = XCBuildConfiguration;
			buildSettings = {
				ALWAYS_SEARCH_USER_PATHS = NO;
				CLANG_ANALYZER_NONNULL = YES;
				CLANG_CXX_LANGUAGE_STANDARD = "gnu++0x";
				CLANG_CXX_LIBRARY = "libc++";
				CLANG_ENABLE_MODULES = YES;
				CLANG_ENABLE_OBJC_ARC = YES;
				CLANG_WARN_BOOL_CONVERSION = YES;
				CLANG_WARN_CONSTANT_CONVERSION = YES;
				CLANG_WARN_DIRECT_OBJC_ISA_USAGE = YES_ERROR;
				CLANG_WARN_DOCUMENTATION_COMMENTS = YES;
				CLANG_WARN_EMPTY_BODY = YES;
				CLANG_WARN_ENUM_CONVERSION = YES;
				CLANG_WARN_INFINITE_RECURSION = YES;
				CLANG_WARN_INT_CONVERSION = YES;
				CLANG_WARN_OBJC_ROOT_CLASS = YES_ERROR;
				CLANG_WARN_SUSPICIOUS_MOVE = YES;
				CLANG_WARN_UNREACHABLE_CODE = YES;
				CLANG_WARN__DUPLICATE_METHOD_MATCH = YES;
				"CODE_SIGN_IDENTITY[sdk=iphoneos*]" = "iPhone Developer";
				COPY_PHASE_STRIP = NO;
				DEBUG_INFORMATION_FORMAT = "dwarf-with-dsym";
				ENABLE_NS_ASSERTIONS = NO;
				ENABLE_STRICT_OBJC_MSGSEND = YES;
				GCC_C_LANGUAGE_STANDARD = gnu99;
				GCC_NO_COMMON_BLOCKS = YES;
				GCC_WARN_64_TO_32_BIT_CONVERSION = YES;
				GCC_WARN_ABOUT_RETURN_TYPE = YES_ERROR;
				GCC_WARN_UNDECLARED_SELECTOR = YES;
				GCC_WARN_UNINITIALIZED_AUTOS = YES_AGGRESSIVE;
				GCC_WARN_UNUSED_FUNCTION = YES;
				GCC_WARN_UNUSED_VARIABLE = YES;
				IPHONEOS_DEPLOYMENT_TARGET = 10.2;
				MTL_ENABLE_DEBUG_INFO = NO;
				SDKROOT = iphoneos;
				SWIFT_OPTIMIZATION_LEVEL = "-Owholemodule";
				TARGETED_DEVICE_FAMILY = "1,2";
				VALIDATE_PRODUCT = YES;
			};
			name = Release;
		};
		363572941E09FB00000FB8DA /* Debug */ = {
			isa = XCBuildConfiguration;
			buildSettings = {
				ASSETCATALOG_COMPILER_APPICON_NAME = AppIcon;
				DEVELOPMENT_TEAM = 86HXWEUQYY;
				INFOPLIST_FILE = FoodTracker/Info.plist;
				LD_RUNPATH_SEARCH_PATHS = "$(inherited) @executable_path/Frameworks";
				PRODUCT_BUNDLE_IDENTIFIER = com.vt.FoodTracker;
				PRODUCT_NAME = "$(TARGET_NAME)";
				SWIFT_VERSION = 3.0;
			};
			name = Debug;
		};
		363572951E09FB00000FB8DA /* Release */ = {
			isa = XCBuildConfiguration;
			buildSettings = {
				ASSETCATALOG_COMPILER_APPICON_NAME = AppIcon;
				DEVELOPMENT_TEAM = 86HXWEUQYY;
				INFOPLIST_FILE = FoodTracker/Info.plist;
				LD_RUNPATH_SEARCH_PATHS = "$(inherited) @executable_path/Frameworks";
				PRODUCT_BUNDLE_IDENTIFIER = com.vt.FoodTracker;
				PRODUCT_NAME = "$(TARGET_NAME)";
				SWIFT_VERSION = 3.0;
			};
			name = Release;
		};
		363572971E09FB00000FB8DA /* Debug */ = {
			isa = XCBuildConfiguration;
			buildSettings = {
				ALWAYS_EMBED_SWIFT_STANDARD_LIBRARIES = YES;
				BUNDLE_LOADER = "$(TEST_HOST)";
				DEVELOPMENT_TEAM = 86HXWEUQYY;
				INFOPLIST_FILE = FoodTrackerTests/Info.plist;
				LD_RUNPATH_SEARCH_PATHS = "$(inherited) @executable_path/Frameworks @loader_path/Frameworks";
				PRODUCT_BUNDLE_IDENTIFIER = com.vt.FoodTrackerTests;
				PRODUCT_NAME = "$(TARGET_NAME)";
				SWIFT_VERSION = 3.0;
				TEST_HOST = "$(BUILT_PRODUCTS_DIR)/FoodTracker.app/FoodTracker";
			};
			name = Debug;
		};
		363572981E09FB00000FB8DA /* Release */ = {
			isa = XCBuildConfiguration;
			buildSettings = {
				ALWAYS_EMBED_SWIFT_STANDARD_LIBRARIES = YES;
				BUNDLE_LOADER = "$(TEST_HOST)";
				DEVELOPMENT_TEAM = 86HXWEUQYY;
				INFOPLIST_FILE = FoodTrackerTests/Info.plist;
				LD_RUNPATH_SEARCH_PATHS = "$(inherited) @executable_path/Frameworks @loader_path/Frameworks";
				PRODUCT_BUNDLE_IDENTIFIER = com.vt.FoodTrackerTests;
				PRODUCT_NAME = "$(TARGET_NAME)";
				SWIFT_VERSION = 3.0;
				TEST_HOST = "$(BUILT_PRODUCTS_DIR)/FoodTracker.app/FoodTracker";
			};
			name = Release;
		};
/* End XCBuildConfiguration section */

/* Begin XCConfigurationList section */
		363572711E09FAFF000FB8DA /* Build configuration list for PBXProject "FoodTracker" */ = {
			isa = XCConfigurationList;
			buildConfigurations = (
				363572911E09FB00000FB8DA /* Debug */,
				363572921E09FB00000FB8DA /* Release */,
			);
			defaultConfigurationIsVisible = 0;
			defaultConfigurationName = Release;
		};
		363572931E09FB00000FB8DA /* Build configuration list for PBXNativeTarget "FoodTracker" */ = {
			isa = XCConfigurationList;
			buildConfigurations = (
				363572941E09FB00000FB8DA /* Debug */,
				363572951E09FB00000FB8DA /* Release */,
			);
			defaultConfigurationIsVisible = 0;
		};
		363572961E09FB00000FB8DA /* Build configuration list for PBXNativeTarget "FoodTrackerTests" */ = {
			isa = XCConfigurationList;
			buildConfigurations = (
				363572971E09FB00000FB8DA /* Debug */,
				363572981E09FB00000FB8DA /* Release */,
			);
			defaultConfigurationIsVisible = 0;
		};
/* End XCConfigurationList section */
	};
	rootObject = 3635726E1E09FAFF000FB8DA /* Project object */;
}
